
Microsoft Visual Studio Solution File, Format Version 12.00
Project("{FAE04EC0-301F-11D3-BF4B-00C04F79EFBC}") = "BasicWeatherApi.Console", "BasicWeatherApi.Console\BasicWeatherApi.Console.csproj", "{73FDA529-3861-402B-B37A-87D9B2C29BD4}"
EndProject
Project("{FAE04EC0-301F-11D3-BF4B-00C04F79EFBC}") = "BasicWeatherApi.Web", "BasicWeatherApi.Web\BasicWeatherApi.Web.csproj", "{5590EE8E-6862-47A0-9E60-02630C83014B}"
EndProject
Global
	GlobalSection(SolutionConfigurationPlatforms) = preSolution
		Debug|Any CPU = Debug|Any CPU
		Release|Any CPU = Release|Any CPU
	EndGlobalSection
	GlobalSection(ProjectConfigurationPlatforms) = postSolution
		{73FDA529-3861-402B-B37A-87D9B2C29BD4}.Debug|Any CPU.ActiveCfg = Debug|Any CPU
		{73FDA529-3861-402B-B37A-87D9B2C29BD4}.Debug|Any CPU.Build.0 = Debug|Any CPU
		{73FDA529-3861-402B-B37A-87D9B2C29BD4}.Release|Any CPU.ActiveCfg = Release|Any CPU
		{73FDA529-3861-402B-B37A-87D9B2C29BD4}.Release|Any CPU.Build.0 = Release|Any CPU
		{5590EE8E-6862-47A0-9E60-02630C83014B}.Debug|Any CPU.ActiveCfg = Debug|Any CPU
		{5590EE8E-6862-47A0-9E60-02630C83014B}.Debug|Any CPU.Build.0 = Debug|Any CPU
		{5590EE8E-6862-47A0-9E60-02630C83014B}.Release|Any CPU.ActiveCfg = Release|Any CPU
		{5590EE8E-6862-47A0-9E60-02630C83014B}.Release|Any CPU.Build.0 = Release|Any CPU
	EndGlobalSection
EndGlobal
